
Microsoft Visual Studio Solution File, Format Version 12.00
# Visual Studio 15
Project("{FAE04EC0-301F-11D3-BF4B-00C04F79EFBC}") = "Assembly-CSharp", "Assembly-CSharp.csproj", "{07916711-B7B4-9C85-9580-FF0A09BB4342}"
EndProject
Project("{FAE04EC0-301F-11D3-BF4B-00C04F79EFBC}") = "Assembly-CSharp-firstpass", "Assembly-CSharp-firstpass.csproj", "{72691580-4574-3DA9-8B10-E2483B6B4014}"
EndProject
Project("{FAE04EC0-301F-11D3-BF4B-00C04F79EFBC}") = "Assembly-CSharp-Editor", "Assembly-CSharp-Editor.csproj", "{22EFD548-400E-32A1-AFFF-0D4E0059FA0A}"
EndProject
Global
	GlobalSection(SolutionConfigurationPlatforms) = preSolution
		Debug|Any CPU = Debug|Any CPU
		Release|Any CPU = Release|Any CPU
	EndGlobalSection
	GlobalSection(ProjectConfigurationPlatforms) = postSolution
		{07916711-B7B4-9C85-9580-FF0A09BB4342}.Debug|Any CPU.ActiveCfg = Debug|Any CPU
		{07916711-B7B4-9C85-9580-FF0A09BB4342}.Debug|Any CPU.Build.0 = Debug|Any CPU
		{07916711-B7B4-9C85-9580-FF0A09BB4342}.Release|Any CPU.ActiveCfg = Release|Any CPU
		{07916711-B7B4-9C85-9580-FF0A09BB4342}.Release|Any CPU.Build.0 = Release|Any CPU
		{72691580-4574-3DA9-8B10-E2483B6B4014}.Debug|Any CPU.ActiveCfg = Debug|Any CPU
		{72691580-4574-3DA9-8B10-E2483B6B4014}.Debug|Any CPU.Build.0 = Debug|Any CPU
		{72691580-4574-3DA9-8B10-E2483B6B4014}.Release|Any CPU.ActiveCfg = Release|Any CPU
		{72691580-4574-3DA9-8B10-E2483B6B4014}.Release|Any CPU.Build.0 = Release|Any CPU
		{22EFD548-400E-32A1-AFFF-0D4E0059FA0A}.Debug|Any CPU.ActiveCfg = Debug|Any CPU
		{22EFD548-400E-32A1-AFFF-0D4E0059FA0A}.Debug|Any CPU.Build.0 = Debug|Any CPU
		{22EFD548-400E-32A1-AFFF-0D4E0059FA0A}.Release|Any CPU.ActiveCfg = Release|Any CPU
		{22EFD548-400E-32A1-AFFF-0D4E0059FA0A}.Release|Any CPU.Build.0 = Release|Any CPU
	EndGlobalSection
	GlobalSection(SolutionProperties) = preSolution
		HideSolutionNode = FALSE
	EndGlobalSection
EndGlobal
